// !$*UTF8*$!
{
	archiveVersion = 1;
	classes = {
	};
	objectVersion = 46;
	objects = {

/* Begin PBXBuildFile section */
		6B5F1E711FAC34B40044B6EB /* main.m in Sources */ = {isa = PBXBuildFile; fileRef = 6B5F1E701FAC34B40044B6EB /* main.m */; };
		6B5F1E741FAC34B40044B6EB /* AppDelegate.m in Sources */ = {isa = PBXBuildFile; fileRef = 6B5F1E731FAC34B40044B6EB /* AppDelegate.m */; };
		6B5F1E771FAC34B40044B6EB /* ViewController.m in Sources */ = {isa = PBXBuildFile; fileRef = 6B5F1E761FAC34B40044B6EB /* ViewController.m */; };
		6B5F1E7A1FAC34B40044B6EB /* Main.storyboard in Resources */ = {isa = PBXBuildFile; fileRef = 6B5F1E781FAC34B40044B6EB /* Main.storyboard */; };
		6B5F1E7C1FAC34B40044B6EB /* Assets.xcassets in Resources */ = {isa = PBXBuildFile; fileRef = 6B5F1E7B1FAC34B40044B6EB /* Assets.xcassets */; };
		6B5F1E7F1FAC34B40044B6EB /* LaunchScreen.storyboard in Resources */ = {isa = PBXBuildFile; fileRef = 6B5F1E7D1FAC34B40044B6EB /* LaunchScreen.storyboard */; };
		6B5F1E8A1FAC34B40044B6EB /* _______Tests.m in Sources */ = {isa = PBXBuildFile; fileRef = 6B5F1E891FAC34B40044B6EB /* _______Tests.m */; };
		6B5F1E951FAC34B40044B6EB /* _______UITests.m in Sources */ = {isa = PBXBuildFile; fileRef = 6B5F1E941FAC34B40044B6EB /* _______UITests.m */; };
/* End PBXBuildFile section */

/* Begin PBXContainerItemProxy section */
		6B5F1E861FAC34B40044B6EB /* PBXContainerItemProxy */ = {
			isa = PBXContainerItemProxy;
			containerPortal = 6B5F1E641FAC34B40044B6EB /* Project object */;
			proxyType = 1;
			remoteGlobalIDString = 6B5F1E6B1FAC34B40044B6EB;
			remoteInfo = "1.加法算术器";
		};
		6B5F1E911FAC34B40044B6EB /* PBXContainerItemProxy */ = {
			isa = PBXContainerItemProxy;
			containerPortal = 6B5F1E641FAC34B40044B6EB /* Project object */;
			proxyType = 1;
			remoteGlobalIDString = 6B5F1E6B1FAC34B40044B6EB;
			remoteInfo = "1.加法算术器";
		};
/* End PBXContainerItemProxy section */

/* Begin PBXFileReference section */
		6B5F1E6C1FAC34B40044B6EB /* 1.加法算术器.app */ = {isa = PBXFileReference; explicitFileType = wrapper.application; includeInIndex = 0; path = "1.加法算术器.app"; sourceTree = BUILT_PRODUCTS_DIR; };
		6B5F1E701FAC34B40044B6EB /* main.m */ = {isa = PBXFileReference; lastKnownFileType = sourcecode.c.objc; path = main.m; sourceTree = "<group>"; };
		6B5F1E721FAC34B40044B6EB /* AppDelegate.h */ = {isa = PBXFileReference; lastKnownFileType = sourcecode.c.h; path = AppDelegate.h; sourceTree = "<group>"; };
		6B5F1E731FAC34B40044B6EB /* AppDelegate.m */ = {isa = PBXFileReference; lastKnownFileType = sourcecode.c.objc; path = AppDelegate.m; sourceTree = "<group>"; };
		6B5F1E751FAC34B40044B6EB /* ViewController.h */ = {isa = PBXFileReference; lastKnownFileType = sourcecode.c.h; path = ViewController.h; sourceTree = "<group>"; };
		6B5F1E761FAC34B40044B6EB /* ViewController.m */ = {isa = PBXFileReference; lastKnownFileType = sourcecode.c.objc; path = ViewController.m; sourceTree = "<group>"; };
		6B5F1E791FAC34B40044B6EB /* Base */ = {isa = PBXFileReference; lastKnownFileType = file.storyboard; name = Base; path = Base.lproj/Main.storyboard; sourceTree = "<group>"; };
		6B5F1E7B1FAC34B40044B6EB /* Assets.xcassets */ = {isa = PBXFileReference; lastKnownFileType = folder.assetcatalog; path = Assets.xcassets; sourceTree = "<group>"; };
		6B5F1E7E1FAC34B40044B6EB /* Base */ = {isa = PBXFileReference; lastKnownFileType = file.storyboard; name = Base; path = Base.lproj/LaunchScreen.storyboard; sourceTree = "<group>"; };
		6B5F1E801FAC34B40044B6EB /* Info.plist */ = {isa = PBXFileReference; lastKnownFileType = text.plist.xml; path = Info.plist; sourceTree = "<group>"; };
		6B5F1E851FAC34B40044B6EB /* 1.加法算术器Tests.xctest */ = {isa = PBXFileReference; explicitFileType = wrapper.cfbundle; includeInIndex = 0; path = "1.加法算术器Tests.xctest"; sourceTree = BUILT_PRODUCTS_DIR; };
		6B5F1E891FAC34B40044B6EB /* _______Tests.m */ = {isa = PBXFileReference; lastKnownFileType = sourcecode.c.objc; path = "_______Tests.m"; sourceTree = "<group>"; };
		6B5F1E8B1FAC34B40044B6EB /* Info.plist */ = {isa = PBXFileReference; lastKnownFileType = text.plist.xml; path = Info.plist; sourceTree = "<group>"; };
		6B5F1E901FAC34B40044B6EB /* 1.加法算术器UITests.xctest */ = {isa = PBXFileReference; explicitFileType = wrapper.cfbundle; includeInIndex = 0; path = "1.加法算术器UITests.xctest"; sourceTree = BUILT_PRODUCTS_DIR; };
		6B5F1E941FAC34B40044B6EB /* _______UITests.m */ = {isa = PBXFileReference; lastKnownFileType = sourcecode.c.objc; path = "_______UITests.m"; sourceTree = "<group>"; };
		6B5F1E961FAC34B40044B6EB /* Info.plist */ = {isa = PBXFileReference; lastKnownFileType = text.plist.xml; path = Info.plist; sourceTree = "<group>"; };
/* End PBXFileReference section */

/* Begin PBXFrameworksBuildPhase section */
		6B5F1E691FAC34B40044B6EB /* Frameworks */ = {
			isa = PBXFrameworksBuildPhase;
			buildActionMask = 2147483647;
			files = (
			);
			runOnlyForDeploymentPostprocessing = 0;
		};
		6B5F1E821FAC34B40044B6EB /* Frameworks */ = {
			isa = PBXFrameworksBuildPhase;
			buildActionMask = 2147483647;
			files = (
			);
			runOnlyForDeploymentPostprocessing = 0;
		};
		6B5F1E8D1FAC34B40044B6EB /* Frameworks */ = {
			isa = PBXFrameworksBuildPhase;
			buildActionMask = 2147483647;
			files = (
			);
			runOnlyForDeploymentPostprocessing = 0;
		};
/* End PBXFrameworksBuildPhase section */

/* Begin PBXGroup section */
		6B5F1E631FAC34B40044B6EB = {
			isa = PBXGroup;
			children = (
				6B5F1E6E1FAC34B40044B6EB /* 1.加法算术器 */,
				6B5F1E881FAC34B40044B6EB /* 1.加法算术器Tests */,
				6B5F1E931FAC34B40044B6EB /* 1.加法算术器UITests */,
				6B5F1E6D1FAC34B40044B6EB /* Products */,
			);
			sourceTree = "<group>";
		};
		6B5F1E6D1FAC34B40044B6EB /* Products */ = {
			isa = PBXGroup;
			children = (
				6B5F1E6C1FAC34B40044B6EB /* 1.加法算术器.app */,
				6B5F1E851FAC34B40044B6EB /* 1.加法算术器Tests.xctest */,
				6B5F1E901FAC34B40044B6EB /* 1.加法算术器UITests.xctest */,
			);
			name = Products;
			sourceTree = "<group>";
		};
		6B5F1E6E1FAC34B40044B6EB /* 1.加法算术器 */ = {
			isa = PBXGroup;
			children = (
				6B5F1E721FAC34B40044B6EB /* AppDelegate.h */,
				6B5F1E731FAC34B40044B6EB /* AppDelegate.m */,
				6B5F1E751FAC34B40044B6EB /* ViewController.h */,
				6B5F1E761FAC34B40044B6EB /* ViewController.m */,
				6B5F1E781FAC34B40044B6EB /* Main.storyboard */,
				6B5F1E7B1FAC34B40044B6EB /* Assets.xcassets */,
				6B5F1E7D1FAC34B40044B6EB /* LaunchScreen.storyboard */,
				6B5F1E801FAC34B40044B6EB /* Info.plist */,
				6B5F1E6F1FAC34B40044B6EB /* Supporting Files */,
			);
			path = "1.加法算术器";
			sourceTree = "<group>";
		};
		6B5F1E6F1FAC34B40044B6EB /* Supporting Files */ = {
			isa = PBXGroup;
			children = (
				6B5F1E701FAC34B40044B6EB /* main.m */,
			);
			name = "Supporting Files";
			sourceTree = "<group>";
		};
		6B5F1E881FAC34B40044B6EB /* 1.加法算术器Tests */ = {
			isa = PBXGroup;
			children = (
				6B5F1E891FAC34B40044B6EB /* _______Tests.m */,
				6B5F1E8B1FAC34B40044B6EB /* Info.plist */,
			);
			path = "1.加法算术器Tests";
			sourceTree = "<group>";
		};
		6B5F1E931FAC34B40044B6EB /* 1.加法算术器UITests */ = {
			isa = PBXGroup;
			children = (
				6B5F1E941FAC34B40044B6EB /* _______UITests.m */,
				6B5F1E961FAC34B40044B6EB /* Info.plist */,
			);
			path = "1.加法算术器UITests";
			sourceTree = "<group>";
		};
/* End PBXGroup section */

/* Begin PBXNativeTarget section */
		6B5F1E6B1FAC34B40044B6EB /* 1.加法算术器 */ = {
			isa = PBXNativeTarget;
			buildConfigurationList = 6B5F1E991FAC34B40044B6EB /* Build configuration list for PBXNativeTarget "1.加法算术器" */;
			buildPhases = (
				6B5F1E681FAC34B40044B6EB /* Sources */,
				6B5F1E691FAC34B40044B6EB /* Frameworks */,
				6B5F1E6A1FAC34B40044B6EB /* Resources */,
			);
			buildRules = (
			);
			dependencies = (
			);
			name = "1.加法算术器";
			productName = "1.加法算术器";
			productReference = 6B5F1E6C1FAC34B40044B6EB /* 1.加法算术器.app */;
			productType = "com.apple.product-type.application";
		};
		6B5F1E841FAC34B40044B6EB /* 1.加法算术器Tests */ = {
			isa = PBXNativeTarget;
			buildConfigurationList = 6B5F1E9C1FAC34B40044B6EB /* Build configuration list for PBXNativeTarget "1.加法算术器Tests" */;
			buildPhases = (
				6B5F1E811FAC34B40044B6EB /* Sources */,
				6B5F1E821FAC34B40044B6EB /* Frameworks */,
				6B5F1E831FAC34B40044B6EB /* Resources */,
			);
			buildRules = (
			);
			dependencies = (
				6B5F1E871FAC34B40044B6EB /* PBXTargetDependency */,
			);
			name = "1.加法算术器Tests";
			productName = "1.加法算术器Tests";
			productReference = 6B5F1E851FAC34B40044B6EB /* 1.加法算术器Tests.xctest */;
			productType = "com.apple.product-type.bundle.unit-test";
		};
		6B5F1E8F1FAC34B40044B6EB /* 1.加法算术器UITests */ = {
			isa = PBXNativeTarget;
			buildConfigurationList = 6B5F1E9F1FAC34B40044B6EB /* Build configuration list for PBXNativeTarget "1.加法算术器UITests" */;
			buildPhases = (
				6B5F1E8C1FAC34B40044B6EB /* Sources */,
				6B5F1E8D1FAC34B40044B6EB /* Frameworks */,
				6B5F1E8E1FAC34B40044B6EB /* Resources */,
			);
			buildRules = (
			);
			dependencies = (
				6B5F1E921FAC34B40044B6EB /* PBXTargetDependency */,
			);
			name = "1.加法算术器UITests";
			productName = "1.加法算术器UITests";
			productReference = 6B5F1E901FAC34B40044B6EB /* 1.加法算术器UITests.xctest */;
			productType = "com.apple.product-type.bundle.ui-testing";
		};
/* End PBXNativeTarget section */

/* Begin PBXProject section */
		6B5F1E641FAC34B40044B6EB /* Project object */ = {
			isa = PBXProject;
			attributes = {
				LastUpgradeCheck = 0830;
				ORGANIZATIONNAME = kuaileda;
				TargetAttributes = {
					6B5F1E6B1FAC34B40044B6EB = {
						CreatedOnToolsVersion = 8.3.3;
						DevelopmentTeam = 5DCJQFRRP3;
						ProvisioningStyle = Automatic;
					};
					6B5F1E841FAC34B40044B6EB = {
						CreatedOnToolsVersion = 8.3.3;
						DevelopmentTeam = 5DCJQFRRP3;
						ProvisioningStyle = Automatic;
						TestTargetID = 6B5F1E6B1FAC34B40044B6EB;
					};
					6B5F1E8F1FAC34B40044B6EB = {
						CreatedOnToolsVersion = 8.3.3;
						DevelopmentTeam = 5DCJQFRRP3;
						ProvisioningStyle = Automatic;
						TestTargetID = 6B5F1E6B1FAC34B40044B6EB;
					};
				};
			};
			buildConfigurationList = 6B5F1E671FAC34B40044B6EB /* Build configuration list for PBXProject "1.加法算术器" */;
			compatibilityVersion = "Xcode 3.2";
			developmentRegion = English;
			hasScannedForEncodings = 0;
			knownRegions = (
				en,
				Base,
			);
			mainGroup = 6B5F1E631FAC34B40044B6EB;
			productRefGroup = 6B5F1E6D1FAC34B40044B6EB /* Products */;
			projectDirPath = "";
			projectRoot = "";
			targets = (
				6B5F1E6B1FAC34B40044B6EB /* 1.加法算术器 */,
				6B5F1E841FAC34B40044B6EB /* 1.加法算术器Tests */,
				6B5F1E8F1FAC34B40044B6EB /* 1.加法算术器UITests */,
			);
		};
/* End PBXProject section */

/* Begin PBXResourcesBuildPhase section */
		6B5F1E6A1FAC34B40044B6EB /* Resources */ = {
			isa = PBXResourcesBuildPhase;
			buildActionMask = 2147483647;
			files = (
				6B5F1E7F1FAC34B40044B6EB /* LaunchScreen.storyboard in Resources */,
				6B5F1E7C1FAC34B40044B6EB /* Assets.xcassets in Resources */,
				6B5F1E7A1FAC34B40044B6EB /* Main.storyboard in Resources */,
			);
			runOnlyForDeploymentPostprocessing = 0;
		};
		6B5F1E831FAC34B40044B6EB /* Resources */ = {
			isa = PBXResourcesBuildPhase;
			buildActionMask = 2147483647;
			files = (
			);
			runOnlyForDeploymentPostprocessing = 0;
		};
		6B5F1E8E1FAC34B40044B6EB /* Resources */ = {
			isa = PBXResourcesBuildPhase;
			buildActionMask = 2147483647;
			files = (
			);
			runOnlyForDeploymentPostprocessing = 0;
		};
/* End PBXResourcesBuildPhase section */

/* Begin PBXSourcesBuildPhase section */
		6B5F1E681FAC34B40044B6EB /* Sources */ = {
			isa = PBXSourcesBuildPhase;
			buildActionMask = 2147483647;
			files = (
				6B5F1E771FAC34B40044B6EB /* ViewController.m in Sources */,
				6B5F1E741FAC34B40044B6EB /* AppDelegate.m in Sources */,
				6B5F1E711FAC34B40044B6EB /* main.m in Sources */,
			);
			runOnlyForDeploymentPostprocessing = 0;
		};
		6B5F1E811FAC34B40044B6EB /* Sources */ = {
			isa = PBXSourcesBuildPhase;
			buildActionMask = 2147483647;
			files = (
				6B5F1E8A1FAC34B40044B6EB /* _______Tests.m in Sources */,
			);
			runOnlyForDeploymentPostprocessing = 0;
		};
		6B5F1E8C1FAC34B40044B6EB /* Sources */ = {
			isa = PBXSourcesBuildPhase;
			buildActionMask = 2147483647;
			files = (
				6B5F1E951FAC34B40044B6EB /* _______UITests.m in Sources */,
			);
			runOnlyForDeploymentPostprocessing = 0;
		};
/* End PBXSourcesBuildPhase section */

/* Begin PBXTargetDependency section */
		6B5F1E871FAC34B40044B6EB /* PBXTargetDependency */ = {
			isa = PBXTargetDependency;
			target = 6B5F1E6B1FAC34B40044B6EB /* 1.加法算术器 */;
			targetProxy = 6B5F1E861FAC34B40044B6EB /* PBXContainerItemProxy */;
		};
		6B5F1E921FAC34B40044B6EB /* PBXTargetDependency */ = {
			isa = PBXTargetDependency;
			target = 6B5F1E6B1FAC34B40044B6EB /* 1.加法算术器 */;
			targetProxy = 6B5F1E911FAC34B40044B6EB /* PBXContainerItemProxy */;
		};
/* End PBXTargetDependency section */

/* Begin PBXVariantGroup section */
		6B5F1E781FAC34B40044B6EB /* Main.storyboard */ = {
			isa = PBXVariantGroup;
			children = (
				6B5F1E791FAC34B40044B6EB /* Base */,
			);
			name = Main.storyboard;
			sourceTree = "<group>";
		};
		6B5F1E7D1FAC34B40044B6EB /* LaunchScreen.storyboard */ = {
			isa = PBXVariantGroup;
			children = (
				6B5F1E7E1FAC34B40044B6EB /* Base */,
			);
			name = LaunchScreen.storyboard;
			sourceTree = "<group>";
		};
/* End PBXVariantGroup section */

/* Begin XCBuildConfiguration section */
		6B5F1E971FAC34B40044B6EB /* Debug */ = {
			isa = XCBuildConfiguration;
			buildSettings = {
				ALWAYS_SEARCH_USER_PATHS = NO;
				CLANG_ANALYZER_NONNULL = YES;
				CLANG_ANALYZER_NUMBER_OBJECT_CONVERSION = YES_AGGRESSIVE;
				CLANG_CXX_LANGUAGE_STANDARD = "gnu++0x";
				CLANG_CXX_LIBRARY = "libc++";
				CLANG_ENABLE_MODULES = YES;
				CLANG_ENABLE_OBJC_ARC = YES;
				CLANG_WARN_BOOL_CONVERSION = YES;
				CLANG_WARN_CONSTANT_CONVERSION = YES;
				CLANG_WARN_DIRECT_OBJC_ISA_USAGE = YES_ERROR;
				CLANG_WARN_DOCUMENTATION_COMMENTS = YES;
				CLANG_WARN_EMPTY_BODY = YES;
				CLANG_WARN_ENUM_CONVERSION = YES;
				CLANG_WARN_INFINITE_RECURSION = YES;
				CLANG_WARN_INT_CONVERSION = YES;
				CLANG_WARN_OBJC_ROOT_CLASS = YES_ERROR;
				CLANG_WARN_SUSPICIOUS_MOVE = YES;
				CLANG_WARN_UNREACHABLE_CODE = YES;
				CLANG_WARN__DUPLICATE_METHOD_MATCH = YES;
				"CODE_SIGN_IDENTITY[sdk=iphoneos*]" = "iPhone Developer";
				COPY_PHASE_STRIP = NO;
				DEBUG_INFORMATION_FORMAT = dwarf;
				ENABLE_STRICT_OBJC_MSGSEND = YES;
				ENABLE_TESTABILITY = YES;
				GCC_C_LANGUAGE_STANDARD = gnu99;
				GCC_DYNAMIC_NO_PIC = NO;
				GCC_NO_COMMON_BLOCKS = YES;
				GCC_OPTIMIZATION_LEVEL = 0;
				GCC_PREPROCESSOR_DEFINITIONS = (
					"DEBUG=1",
					"$(inherited)",
				);
				GCC_WARN_64_TO_32_BIT_CONVERSION = YES;
				GCC_WARN_ABOUT_RETURN_TYPE = YES_ERROR;
				GCC_WARN_UNDECLARED_SELECTOR = YES;
				GCC_WARN_UNINITIALIZED_AUTOS = YES_AGGRESSIVE;
				GCC_WARN_UNUSED_FUNCTION = YES;
				GCC_WARN_UNUSED_VARIABLE = YES;
				IPHONEOS_DEPLOYMENT_TARGET = 10.3;
				MTL_ENABLE_DEBUG_INFO = YES;
				ONLY_ACTIVE_ARCH = YES;
				SDKROOT = iphoneos;
				TARGETED_DEVICE_FAMILY = "1,2";
			};
			name = Debug;
		};
		6B5F1E981FAC34B40044B6EB /* Release */ = {
			isa = XCBuildConfiguration;
			buildSettings = {
				ALWAYS_SEARCH_USER_PATHS = NO;
				CLANG_ANALYZER_NONNULL = YES;
				CLANG_ANALYZER_NUMBER_OBJECT_CONVERSION = YES_AGGRESSIVE;
				CLANG_CXX_LANGUAGE_STANDARD = "gnu++0x";
				CLANG_CXX_LIBRARY = "libc++";
				CLANG_ENABLE_MODULES = YES;
				CLANG_ENABLE_OBJC_ARC = YES;
				CLANG_WARN_BOOL_CONVERSION = YES;
				CLANG_WARN_CONSTANT_CONVERSION = YES;
				CLANG_WARN_DIRECT_OBJC_ISA_USAGE = YES_ERROR;
				CLANG_WARN_DOCUMENTATION_COMMENTS = YES;
				CLANG_WARN_EMPTY_BODY = YES;
				CLANG_WARN_ENUM_CONVERSION = YES;
				CLANG_WARN_INFINITE_RECURSION = YES;
				CLANG_WARN_INT_CONVERSION = YES;
				CLANG_WARN_OBJC_ROOT_CLASS = YES_ERROR;
				CLANG_WARN_SUSPICIOUS_MOVE = YES;
				CLANG_WARN_UNREACHABLE_CODE = YES;
				CLANG_WARN__DUPLICATE_METHOD_MATCH = YES;
				"CODE_SIGN_IDENTITY[sdk=iphoneos*]" = "iPhone Developer";
				COPY_PHASE_STRIP = NO;
				DEBUG_INFORMATION_FORMAT = "dwarf-with-dsym";
				ENABLE_NS_ASSERTIONS = NO;
				ENABLE_STRICT_OBJC_MSGSEND = YES;
				GCC_C_LANGUAGE_STANDARD = gnu99;
				GCC_NO_COMMON_BLOCKS = YES;
				GCC_WARN_64_TO_32_BIT_CONVERSION = YES;
				GCC_WARN_ABOUT_RETURN_TYPE = YES_ERROR;
				GCC_WARN_UNDECLARED_SELECTOR = YES;
				GCC_WARN_UNINITIALIZED_AUTOS = YES_AGGRESSIVE;
				GCC_WARN_UNUSED_FUNCTION = YES;
				GCC_WARN_UNUSED_VARIABLE = YES;
				IPHONEOS_DEPLOYMENT_TARGET = 10.3;
				MTL_ENABLE_DEBUG_INFO = NO;
				SDKROOT = iphoneos;
				TARGETED_DEVICE_FAMILY = "1,2";
				VALIDATE_PRODUCT = YES;
			};
			name = Release;
		};
		6B5F1E9A1FAC34B40044B6EB /* Debug */ = {
			isa = XCBuildConfiguration;
			buildSettings = {
				ASSETCATALOG_COMPILER_APPICON_NAME = AppIcon;
				DEVELOPMENT_TEAM = 5DCJQFRRP3;
				INFOPLIST_FILE = "1.加法算术器/Info.plist";
				LD_RUNPATH_SEARCH_PATHS = "$(inherited) @executable_path/Frameworks";
				PRODUCT_BUNDLE_IDENTIFIER = "com.app.credan.-------";
				PRODUCT_NAME = "$(TARGET_NAME)";
			};
			name = Debug;
		};
		6B5F1E9B1FAC34B40044B6EB /* Release */ = {
			isa = XCBuildConfiguration;
			buildSettings = {
				ASSETCATALOG_COMPILER_APPICON_NAME = AppIcon;
				DEVELOPMENT_TEAM = 5DCJQFRRP3;
				INFOPLIST_FILE = "1.加法算术器/Info.plist";
				LD_RUNPATH_SEARCH_PATHS = "$(inherited) @executable_path/Frameworks";
				PRODUCT_BUNDLE_IDENTIFIER = "com.app.credan.-------";
				PRODUCT_NAME = "$(TARGET_NAME)";
			};
			name = Release;
		};
		6B5F1E9D1FAC34B40044B6EB /* Debug */ = {
			isa = XCBuildConfiguration;
			buildSettings = {
				BUNDLE_LOADER = "$(TEST_HOST)";
				DEVELOPMENT_TEAM = 5DCJQFRRP3;
				INFOPLIST_FILE = "1.加法算术器Tests/Info.plist";
				LD_RUNPATH_SEARCH_PATHS = "$(inherited) @executable_path/Frameworks @loader_path/Frameworks";
				PRODUCT_BUNDLE_IDENTIFIER = "com.app.credan.-------Tests";
				PRODUCT_NAME = "$(TARGET_NAME)";
				TEST_HOST = "$(BUILT_PRODUCTS_DIR)/1.加法算术器.app/1.加法算术器";
			};
			name = Debug;
		};
		6B5F1E9E1FAC34B40044B6EB /* Release */ = {
			isa = XCBuildConfiguration;
			buildSettings = {
				BUNDLE_LOADER = "$(TEST_HOST)";
				DEVELOPMENT_TEAM = 5DCJQFRRP3;
				INFOPLIST_FILE = "1.加法算术器Tests/Info.plist";
				LD_RUNPATH_SEARCH_PATHS = "$(inherited) @executable_path/Frameworks @loader_path/Frameworks";
				PRODUCT_BUNDLE_IDENTIFIER = "com.app.credan.-------Tests";
				PRODUCT_NAME = "$(TARGET_NAME)";
				TEST_HOST = "$(BUILT_PRODUCTS_DIR)/1.加法算术器.app/1.加法算术器";
			};
			name = Release;
		};
		6B5F1EA01FAC34B40044B6EB /* Debug */ = {
			isa = XCBuildConfiguration;
			buildSettings = {
				DEVELOPMENT_TEAM = 5DCJQFRRP3;
				INFOPLIST_FILE = "1.加法算术器UITests/Info.plist";
				LD_RUNPATH_SEARCH_PATHS = "$(inherited) @executable_path/Frameworks @loader_path/Frameworks";
				PRODUCT_BUNDLE_IDENTIFIER = "com.app.credan.-------UITests";
				PRODUCT_NAME = "$(TARGET_NAME)";
				TEST_TARGET_NAME = "1.加法算术器";
			};
			name = Debug;
		};
		6B5F1EA11FAC34B40044B6EB /* Release */ = {
			isa = XCBuildConfiguration;
			buildSettings = {
				DEVELOPMENT_TEAM = 5DCJQFRRP3;
				INFOPLIST_FILE = "1.加法算术器UITests/Info.plist";
				LD_RUNPATH_SEARCH_PATHS = "$(inherited) @executable_path/Frameworks @loader_path/Frameworks";
				PRODUCT_BUNDLE_IDENTIFIER = "com.app.credan.-------UITests";
				PRODUCT_NAME = "$(TARGET_NAME)";
				TEST_TARGET_NAME = "1.加法算术器";
			};
			name = Release;
		};
/* End XCBuildConfiguration section */

/* Begin XCConfigurationList section */
		6B5F1E671FAC34B40044B6EB /* Build configuration list for PBXProject "1.加法算术器" */ = {
			isa = XCConfigurationList;
			buildConfigurations = (
				6B5F1E971FAC34B40044B6EB /* Debug */,
				6B5F1E981FAC34B40044B6EB /* Release */,
			);
			defaultConfigurationIsVisible = 0;
			defaultConfigurationName = Release;
		};
		6B5F1E991FAC34B40044B6EB /* Build configuration list for PBXNativeTarget "1.加法算术器" */ = {
			isa = XCConfigurationList;
			buildConfigurations = (
				6B5F1E9A1FAC34B40044B6EB /* Debug */,
				6B5F1E9B1FAC34B40044B6EB /* Release */,
			);
			defaultConfigurationIsVisible = 0;
		};
		6B5F1E9C1FAC34B40044B6EB /* Build configuration list for PBXNativeTarget "1.加法算术器Tests" */ = {
			isa = XCConfigurationList;
			buildConfigurations = (
				6B5F1E9D1FAC34B40044B6EB /* Debug */,
				6B5F1E9E1FAC34B40044B6EB /* Release */,
			);
			defaultConfigurationIsVisible = 0;
		};
		6B5F1E9F1FAC34B40044B6EB /* Build configuration list for PBXNativeTarget "1.加法算术器UITests" */ = {
			isa = XCConfigurationList;
			buildConfigurations = (
				6B5F1EA01FAC34B40044B6EB /* Debug */,
				6B5F1EA11FAC34B40044B6EB /* Release */,
			);
			defaultConfigurationIsVisible = 0;
		};
/* End XCConfigurationList section */
	};
	rootObject = 6B5F1E641FAC34B40044B6EB /* Project object */;
}
