// !$*UTF8*$!
{
	archiveVersion = 1;
	classes = {
	};
	objectVersion = 46;
	objects = {

/* Begin PBXBuildFile section */
		6BFC146F1F947373005C1032 /* main.m in Sources */ = {isa = PBXBuildFile; fileRef = 6BFC146E1F947373005C1032 /* main.m */; };
		6BFC14721F947373005C1032 /* AppDelegate.m in Sources */ = {isa = PBXBuildFile; fileRef = 6BFC14711F947373005C1032 /* AppDelegate.m */; };
		6BFC14751F947373005C1032 /* ViewController.m in Sources */ = {isa = PBXBuildFile; fileRef = 6BFC14741F947373005C1032 /* ViewController.m */; };
		6BFC14781F947373005C1032 /* Main.storyboard in Resources */ = {isa = PBXBuildFile; fileRef = 6BFC14761F947373005C1032 /* Main.storyboard */; };
		6BFC147A1F947373005C1032 /* Assets.xcassets in Resources */ = {isa = PBXBuildFile; fileRef = 6BFC14791F947373005C1032 /* Assets.xcassets */; };
		6BFC147D1F947373005C1032 /* LaunchScreen.storyboard in Resources */ = {isa = PBXBuildFile; fileRef = 6BFC147B1F947373005C1032 /* LaunchScreen.storyboard */; };
		6BFC14881F947373005C1032 /* uibutton1Tests.m in Sources */ = {isa = PBXBuildFile; fileRef = 6BFC14871F947373005C1032 /* uibutton1Tests.m */; };
		6BFC14931F947373005C1032 /* uibutton1UITests.m in Sources */ = {isa = PBXBuildFile; fileRef = 6BFC14921F947373005C1032 /* uibutton1UITests.m */; };
/* End PBXBuildFile section */

/* Begin PBXContainerItemProxy section */
		6BFC14841F947373005C1032 /* PBXContainerItemProxy */ = {
			isa = PBXContainerItemProxy;
			containerPortal = 6BFC14621F947373005C1032 /* Project object */;
			proxyType = 1;
			remoteGlobalIDString = 6BFC14691F947373005C1032;
			remoteInfo = uibutton1;
		};
		6BFC148F1F947373005C1032 /* PBXContainerItemProxy */ = {
			isa = PBXContainerItemProxy;
			containerPortal = 6BFC14621F947373005C1032 /* Project object */;
			proxyType = 1;
			remoteGlobalIDString = 6BFC14691F947373005C1032;
			remoteInfo = uibutton1;
		};
/* End PBXContainerItemProxy section */

/* Begin PBXFileReference section */
		6BFC146A1F947373005C1032 /* uibutton1.app */ = {isa = PBXFileReference; explicitFileType = wrapper.application; includeInIndex = 0; path = uibutton1.app; sourceTree = BUILT_PRODUCTS_DIR; };
		6BFC146E1F947373005C1032 /* main.m */ = {isa = PBXFileReference; lastKnownFileType = sourcecode.c.objc; path = main.m; sourceTree = "<group>"; };
		6BFC14701F947373005C1032 /* AppDelegate.h */ = {isa = PBXFileReference; lastKnownFileType = sourcecode.c.h; path = AppDelegate.h; sourceTree = "<group>"; };
		6BFC14711F947373005C1032 /* AppDelegate.m */ = {isa = PBXFileReference; lastKnownFileType = sourcecode.c.objc; path = AppDelegate.m; sourceTree = "<group>"; };
		6BFC14731F947373005C1032 /* ViewController.h */ = {isa = PBXFileReference; lastKnownFileType = sourcecode.c.h; path = ViewController.h; sourceTree = "<group>"; };
		6BFC14741F947373005C1032 /* ViewController.m */ = {isa = PBXFileReference; lastKnownFileType = sourcecode.c.objc; path = ViewController.m; sourceTree = "<group>"; };
		6BFC14771F947373005C1032 /* Base */ = {isa = PBXFileReference; lastKnownFileType = file.storyboard; name = Base; path = Base.lproj/Main.storyboard; sourceTree = "<group>"; };
		6BFC14791F947373005C1032 /* Assets.xcassets */ = {isa = PBXFileReference; lastKnownFileType = folder.assetcatalog; path = Assets.xcassets; sourceTree = "<group>"; };
		6BFC147C1F947373005C1032 /* Base */ = {isa = PBXFileReference; lastKnownFileType = file.storyboard; name = Base; path = Base.lproj/LaunchScreen.storyboard; sourceTree = "<group>"; };
		6BFC147E1F947373005C1032 /* Info.plist */ = {isa = PBXFileReference; lastKnownFileType = text.plist.xml; path = Info.plist; sourceTree = "<group>"; };
		6BFC14831F947373005C1032 /* uibutton1Tests.xctest */ = {isa = PBXFileReference; explicitFileType = wrapper.cfbundle; includeInIndex = 0; path = uibutton1Tests.xctest; sourceTree = BUILT_PRODUCTS_DIR; };
		6BFC14871F947373005C1032 /* uibutton1Tests.m */ = {isa = PBXFileReference; lastKnownFileType = sourcecode.c.objc; path = uibutton1Tests.m; sourceTree = "<group>"; };
		6BFC14891F947373005C1032 /* Info.plist */ = {isa = PBXFileReference; lastKnownFileType = text.plist.xml; path = Info.plist; sourceTree = "<group>"; };
		6BFC148E1F947373005C1032 /* uibutton1UITests.xctest */ = {isa = PBXFileReference; explicitFileType = wrapper.cfbundle; includeInIndex = 0; path = uibutton1UITests.xctest; sourceTree = BUILT_PRODUCTS_DIR; };
		6BFC14921F947373005C1032 /* uibutton1UITests.m */ = {isa = PBXFileReference; lastKnownFileType = sourcecode.c.objc; path = uibutton1UITests.m; sourceTree = "<group>"; };
		6BFC14941F947373005C1032 /* Info.plist */ = {isa = PBXFileReference; lastKnownFileType = text.plist.xml; path = Info.plist; sourceTree = "<group>"; };
/* End PBXFileReference section */

/* Begin PBXFrameworksBuildPhase section */
		6BFC14671F947373005C1032 /* Frameworks */ = {
			isa = PBXFrameworksBuildPhase;
			buildActionMask = 2147483647;
			files = (
			);
			runOnlyForDeploymentPostprocessing = 0;
		};
		6BFC14801F947373005C1032 /* Frameworks */ = {
			isa = PBXFrameworksBuildPhase;
			buildActionMask = 2147483647;
			files = (
			);
			runOnlyForDeploymentPostprocessing = 0;
		};
		6BFC148B1F947373005C1032 /* Frameworks */ = {
			isa = PBXFrameworksBuildPhase;
			buildActionMask = 2147483647;
			files = (
			);
			runOnlyForDeploymentPostprocessing = 0;
		};
/* End PBXFrameworksBuildPhase section */

/* Begin PBXGroup section */
		6BFC14611F947373005C1032 = {
			isa = PBXGroup;
			children = (
				6BFC146C1F947373005C1032 /* uibutton1 */,
				6BFC14861F947373005C1032 /* uibutton1Tests */,
				6BFC14911F947373005C1032 /* uibutton1UITests */,
				6BFC146B1F947373005C1032 /* Products */,
			);
			sourceTree = "<group>";
		};
		6BFC146B1F947373005C1032 /* Products */ = {
			isa = PBXGroup;
			children = (
				6BFC146A1F947373005C1032 /* uibutton1.app */,
				6BFC14831F947373005C1032 /* uibutton1Tests.xctest */,
				6BFC148E1F947373005C1032 /* uibutton1UITests.xctest */,
			);
			name = Products;
			sourceTree = "<group>";
		};
		6BFC146C1F947373005C1032 /* uibutton1 */ = {
			isa = PBXGroup;
			children = (
				6BFC14701F947373005C1032 /* AppDelegate.h */,
				6BFC14711F947373005C1032 /* AppDelegate.m */,
				6BFC14731F947373005C1032 /* ViewController.h */,
				6BFC14741F947373005C1032 /* ViewController.m */,
				6BFC14761F947373005C1032 /* Main.storyboard */,
				6BFC14791F947373005C1032 /* Assets.xcassets */,
				6BFC147B1F947373005C1032 /* LaunchScreen.storyboard */,
				6BFC147E1F947373005C1032 /* Info.plist */,
				6BFC146D1F947373005C1032 /* Supporting Files */,
			);
			path = uibutton1;
			sourceTree = "<group>";
		};
		6BFC146D1F947373005C1032 /* Supporting Files */ = {
			isa = PBXGroup;
			children = (
				6BFC146E1F947373005C1032 /* main.m */,
			);
			name = "Supporting Files";
			sourceTree = "<group>";
		};
		6BFC14861F947373005C1032 /* uibutton1Tests */ = {
			isa = PBXGroup;
			children = (
				6BFC14871F947373005C1032 /* uibutton1Tests.m */,
				6BFC14891F947373005C1032 /* Info.plist */,
			);
			path = uibutton1Tests;
			sourceTree = "<group>";
		};
		6BFC14911F947373005C1032 /* uibutton1UITests */ = {
			isa = PBXGroup;
			children = (
				6BFC14921F947373005C1032 /* uibutton1UITests.m */,
				6BFC14941F947373005C1032 /* Info.plist */,
			);
			path = uibutton1UITests;
			sourceTree = "<group>";
		};
/* End PBXGroup section */

/* Begin PBXNativeTarget section */
		6BFC14691F947373005C1032 /* uibutton1 */ = {
			isa = PBXNativeTarget;
			buildConfigurationList = 6BFC14971F947373005C1032 /* Build configuration list for PBXNativeTarget "uibutton1" */;
			buildPhases = (
				6BFC14661F947373005C1032 /* Sources */,
				6BFC14671F947373005C1032 /* Frameworks */,
				6BFC14681F947373005C1032 /* Resources */,
			);
			buildRules = (
			);
			dependencies = (
			);
			name = uibutton1;
			productName = uibutton1;
			productReference = 6BFC146A1F947373005C1032 /* uibutton1.app */;
			productType = "com.apple.product-type.application";
		};
		6BFC14821F947373005C1032 /* uibutton1Tests */ = {
			isa = PBXNativeTarget;
			buildConfigurationList = 6BFC149A1F947373005C1032 /* Build configuration list for PBXNativeTarget "uibutton1Tests" */;
			buildPhases = (
				6BFC147F1F947373005C1032 /* Sources */,
				6BFC14801F947373005C1032 /* Frameworks */,
				6BFC14811F947373005C1032 /* Resources */,
			);
			buildRules = (
			);
			dependencies = (
				6BFC14851F947373005C1032 /* PBXTargetDependency */,
			);
			name = uibutton1Tests;
			productName = uibutton1Tests;
			productReference = 6BFC14831F947373005C1032 /* uibutton1Tests.xctest */;
			productType = "com.apple.product-type.bundle.unit-test";
		};
		6BFC148D1F947373005C1032 /* uibutton1UITests */ = {
			isa = PBXNativeTarget;
			buildConfigurationList = 6BFC149D1F947373005C1032 /* Build configuration list for PBXNativeTarget "uibutton1UITests" */;
			buildPhases = (
				6BFC148A1F947373005C1032 /* Sources */,
				6BFC148B1F947373005C1032 /* Frameworks */,
				6BFC148C1F947373005C1032 /* Resources */,
			);
			buildRules = (
			);
			dependencies = (
				6BFC14901F947373005C1032 /* PBXTargetDependency */,
			);
			name = uibutton1UITests;
			productName = uibutton1UITests;
			productReference = 6BFC148E1F947373005C1032 /* uibutton1UITests.xctest */;
			productType = "com.apple.product-type.bundle.ui-testing";
		};
/* End PBXNativeTarget section */

/* Begin PBXProject section */
		6BFC14621F947373005C1032 /* Project object */ = {
			isa = PBXProject;
			attributes = {
				LastUpgradeCheck = 0830;
				ORGANIZATIONNAME = kuaileda;
				TargetAttributes = {
					6BFC14691F947373005C1032 = {
						CreatedOnToolsVersion = 8.3.3;
						ProvisioningStyle = Automatic;
					};
					6BFC14821F947373005C1032 = {
						CreatedOnToolsVersion = 8.3.3;
						ProvisioningStyle = Automatic;
						TestTargetID = 6BFC14691F947373005C1032;
					};
					6BFC148D1F947373005C1032 = {
						CreatedOnToolsVersion = 8.3.3;
						ProvisioningStyle = Automatic;
						TestTargetID = 6BFC14691F947373005C1032;
					};
				};
			};
			buildConfigurationList = 6BFC14651F947373005C1032 /* Build configuration list for PBXProject "uibutton1" */;
			compatibilityVersion = "Xcode 3.2";
			developmentRegion = English;
			hasScannedForEncodings = 0;
			knownRegions = (
				en,
				Base,
			);
			mainGroup = 6BFC14611F947373005C1032;
			productRefGroup = 6BFC146B1F947373005C1032 /* Products */;
			projectDirPath = "";
			projectRoot = "";
			targets = (
				6BFC14691F947373005C1032 /* uibutton1 */,
				6BFC14821F947373005C1032 /* uibutton1Tests */,
				6BFC148D1F947373005C1032 /* uibutton1UITests */,
			);
		};
/* End PBXProject section */

/* Begin PBXResourcesBuildPhase section */
		6BFC14681F947373005C1032 /* Resources */ = {
			isa = PBXResourcesBuildPhase;
			buildActionMask = 2147483647;
			files = (
				6BFC147D1F947373005C1032 /* LaunchScreen.storyboard in Resources */,
				6BFC147A1F947373005C1032 /* Assets.xcassets in Resources */,
				6BFC14781F947373005C1032 /* Main.storyboard in Resources */,
			);
			runOnlyForDeploymentPostprocessing = 0;
		};
		6BFC14811F947373005C1032 /* Resources */ = {
			isa = PBXResourcesBuildPhase;
			buildActionMask = 2147483647;
			files = (
			);
			runOnlyForDeploymentPostprocessing = 0;
		};
		6BFC148C1F947373005C1032 /* Resources */ = {
			isa = PBXResourcesBuildPhase;
			buildActionMask = 2147483647;
			files = (
			);
			runOnlyForDeploymentPostprocessing = 0;
		};
/* End PBXResourcesBuildPhase section */

/* Begin PBXSourcesBuildPhase section */
		6BFC14661F947373005C1032 /* Sources */ = {
			isa = PBXSourcesBuildPhase;
			buildActionMask = 2147483647;
			files = (
				6BFC14751F947373005C1032 /* ViewController.m in Sources */,
				6BFC14721F947373005C1032 /* AppDelegate.m in Sources */,
				6BFC146F1F947373005C1032 /* main.m in Sources */,
			);
			runOnlyForDeploymentPostprocessing = 0;
		};
		6BFC147F1F947373005C1032 /* Sources */ = {
			isa = PBXSourcesBuildPhase;
			buildActionMask = 2147483647;
			files = (
				6BFC14881F947373005C1032 /* uibutton1Tests.m in Sources */,
			);
			runOnlyForDeploymentPostprocessing = 0;
		};
		6BFC148A1F947373005C1032 /* Sources */ = {
			isa = PBXSourcesBuildPhase;
			buildActionMask = 2147483647;
			files = (
				6BFC14931F947373005C1032 /* uibutton1UITests.m in Sources */,
			);
			runOnlyForDeploymentPostprocessing = 0;
		};
/* End PBXSourcesBuildPhase section */

/* Begin PBXTargetDependency section */
		6BFC14851F947373005C1032 /* PBXTargetDependency */ = {
			isa = PBXTargetDependency;
			target = 6BFC14691F947373005C1032 /* uibutton1 */;
			targetProxy = 6BFC14841F947373005C1032 /* PBXContainerItemProxy */;
		};
		6BFC14901F947373005C1032 /* PBXTargetDependency */ = {
			isa = PBXTargetDependency;
			target = 6BFC14691F947373005C1032 /* uibutton1 */;
			targetProxy = 6BFC148F1F947373005C1032 /* PBXContainerItemProxy */;
		};
/* End PBXTargetDependency section */

/* Begin PBXVariantGroup section */
		6BFC14761F947373005C1032 /* Main.storyboard */ = {
			isa = PBXVariantGroup;
			children = (
				6BFC14771F947373005C1032 /* Base */,
			);
			name = Main.storyboard;
			sourceTree = "<group>";
		};
		6BFC147B1F947373005C1032 /* LaunchScreen.storyboard */ = {
			isa = PBXVariantGroup;
			children = (
				6BFC147C1F947373005C1032 /* Base */,
			);
			name = LaunchScreen.storyboard;
			sourceTree = "<group>";
		};
/* End PBXVariantGroup section */

/* Begin XCBuildConfiguration section */
		6BFC14951F947373005C1032 /* Debug */ = {
			isa = XCBuildConfiguration;
			buildSettings = {
				ALWAYS_SEARCH_USER_PATHS = NO;
				CLANG_ANALYZER_NONNULL = YES;
				CLANG_ANALYZER_NUMBER_OBJECT_CONVERSION = YES_AGGRESSIVE;
				CLANG_CXX_LANGUAGE_STANDARD = "gnu++0x";
				CLANG_CXX_LIBRARY = "libc++";
				CLANG_ENABLE_MODULES = YES;
				CLANG_ENABLE_OBJC_ARC = YES;
				CLANG_WARN_BOOL_CONVERSION = YES;
				CLANG_WARN_CONSTANT_CONVERSION = YES;
				CLANG_WARN_DIRECT_OBJC_ISA_USAGE = YES_ERROR;
				CLANG_WARN_DOCUMENTATION_COMMENTS = YES;
				CLANG_WARN_EMPTY_BODY = YES;
				CLANG_WARN_ENUM_CONVERSION = YES;
				CLANG_WARN_INFINITE_RECURSION = YES;
				CLANG_WARN_INT_CONVERSION = YES;
				CLANG_WARN_OBJC_ROOT_CLASS = YES_ERROR;
				CLANG_WARN_SUSPICIOUS_MOVE = YES;
				CLANG_WARN_UNREACHABLE_CODE = YES;
				CLANG_WARN__DUPLICATE_METHOD_MATCH = YES;
				"CODE_SIGN_IDENTITY[sdk=iphoneos*]" = "iPhone Developer";
				COPY_PHASE_STRIP = NO;
				DEBUG_INFORMATION_FORMAT = dwarf;
				ENABLE_STRICT_OBJC_MSGSEND = YES;
				ENABLE_TESTABILITY = YES;
				GCC_C_LANGUAGE_STANDARD = gnu99;
				GCC_DYNAMIC_NO_PIC = NO;
				GCC_NO_COMMON_BLOCKS = YES;
				GCC_OPTIMIZATION_LEVEL = 0;
				GCC_PREPROCESSOR_DEFINITIONS = (
					"DEBUG=1",
					"$(inherited)",
				);
				GCC_WARN_64_TO_32_BIT_CONVERSION = YES;
				GCC_WARN_ABOUT_RETURN_TYPE = YES_ERROR;
				GCC_WARN_UNDECLARED_SELECTOR = YES;
				GCC_WARN_UNINITIALIZED_AUTOS = YES_AGGRESSIVE;
				GCC_WARN_UNUSED_FUNCTION = YES;
				GCC_WARN_UNUSED_VARIABLE = YES;
				IPHONEOS_DEPLOYMENT_TARGET = 10.3;
				MTL_ENABLE_DEBUG_INFO = YES;
				ONLY_ACTIVE_ARCH = YES;
				SDKROOT = iphoneos;
				TARGETED_DEVICE_FAMILY = "1,2";
			};
			name = Debug;
		};
		6BFC14961F947373005C1032 /* Release */ = {
			isa = XCBuildConfiguration;
			buildSettings = {
				ALWAYS_SEARCH_USER_PATHS = NO;
				CLANG_ANALYZER_NONNULL = YES;
				CLANG_ANALYZER_NUMBER_OBJECT_CONVERSION = YES_AGGRESSIVE;
				CLANG_CXX_LANGUAGE_STANDARD = "gnu++0x";
				CLANG_CXX_LIBRARY = "libc++";
				CLANG_ENABLE_MODULES = YES;
				CLANG_ENABLE_OBJC_ARC = YES;
				CLANG_WARN_BOOL_CONVERSION = YES;
				CLANG_WARN_CONSTANT_CONVERSION = YES;
				CLANG_WARN_DIRECT_OBJC_ISA_USAGE = YES_ERROR;
				CLANG_WARN_DOCUMENTATION_COMMENTS = YES;
				CLANG_WARN_EMPTY_BODY = YES;
				CLANG_WARN_ENUM_CONVERSION = YES;
				CLANG_WARN_INFINITE_RECURSION = YES;
				CLANG_WARN_INT_CONVERSION = YES;
				CLANG_WARN_OBJC_ROOT_CLASS = YES_ERROR;
				CLANG_WARN_SUSPICIOUS_MOVE = YES;
				CLANG_WARN_UNREACHABLE_CODE = YES;
				CLANG_WARN__DUPLICATE_METHOD_MATCH = YES;
				"CODE_SIGN_IDENTITY[sdk=iphoneos*]" = "iPhone Developer";
				COPY_PHASE_STRIP = NO;
				DEBUG_INFORMATION_FORMAT = "dwarf-with-dsym";
				ENABLE_NS_ASSERTIONS = NO;
				ENABLE_STRICT_OBJC_MSGSEND = YES;
				GCC_C_LANGUAGE_STANDARD = gnu99;
				GCC_NO_COMMON_BLOCKS = YES;
				GCC_WARN_64_TO_32_BIT_CONVERSION = YES;
				GCC_WARN_ABOUT_RETURN_TYPE = YES_ERROR;
				GCC_WARN_UNDECLARED_SELECTOR = YES;
				GCC_WARN_UNINITIALIZED_AUTOS = YES_AGGRESSIVE;
				GCC_WARN_UNUSED_FUNCTION = YES;
				GCC_WARN_UNUSED_VARIABLE = YES;
				IPHONEOS_DEPLOYMENT_TARGET = 10.3;
				MTL_ENABLE_DEBUG_INFO = NO;
				SDKROOT = iphoneos;
				TARGETED_DEVICE_FAMILY = "1,2";
				VALIDATE_PRODUCT = YES;
			};
			name = Release;
		};
		6BFC14981F947373005C1032 /* Debug */ = {
			isa = XCBuildConfiguration;
			buildSettings = {
				ASSETCATALOG_COMPILER_APPICON_NAME = AppIcon;
				INFOPLIST_FILE = uibutton1/Info.plist;
				LD_RUNPATH_SEARCH_PATHS = "$(inherited) @executable_path/Frameworks";
				PRODUCT_BUNDLE_IDENTIFIER = com.app.credan.uibutton1;
				PRODUCT_NAME = "$(TARGET_NAME)";
			};
			name = Debug;
		};
		6BFC14991F947373005C1032 /* Release */ = {
			isa = XCBuildConfiguration;
			buildSettings = {
				ASSETCATALOG_COMPILER_APPICON_NAME = AppIcon;
				INFOPLIST_FILE = uibutton1/Info.plist;
				LD_RUNPATH_SEARCH_PATHS = "$(inherited) @executable_path/Frameworks";
				PRODUCT_BUNDLE_IDENTIFIER = com.app.credan.uibutton1;
				PRODUCT_NAME = "$(TARGET_NAME)";
			};
			name = Release;
		};
		6BFC149B1F947373005C1032 /* Debug */ = {
			isa = XCBuildConfiguration;
			buildSettings = {
				BUNDLE_LOADER = "$(TEST_HOST)";
				INFOPLIST_FILE = uibutton1Tests/Info.plist;
				LD_RUNPATH_SEARCH_PATHS = "$(inherited) @executable_path/Frameworks @loader_path/Frameworks";
				PRODUCT_BUNDLE_IDENTIFIER = com.app.credan.uibutton1Tests;
				PRODUCT_NAME = "$(TARGET_NAME)";
				TEST_HOST = "$(BUILT_PRODUCTS_DIR)/uibutton1.app/uibutton1";
			};
			name = Debug;
		};
		6BFC149C1F947373005C1032 /* Release */ = {
			isa = XCBuildConfiguration;
			buildSettings = {
				BUNDLE_LOADER = "$(TEST_HOST)";
				INFOPLIST_FILE = uibutton1Tests/Info.plist;
				LD_RUNPATH_SEARCH_PATHS = "$(inherited) @executable_path/Frameworks @loader_path/Frameworks";
				PRODUCT_BUNDLE_IDENTIFIER = com.app.credan.uibutton1Tests;
				PRODUCT_NAME = "$(TARGET_NAME)";
				TEST_HOST = "$(BUILT_PRODUCTS_DIR)/uibutton1.app/uibutton1";
			};
			name = Release;
		};
		6BFC149E1F947373005C1032 /* Debug */ = {
			isa = XCBuildConfiguration;
			buildSettings = {
				INFOPLIST_FILE = uibutton1UITests/Info.plist;
				LD_RUNPATH_SEARCH_PATHS = "$(inherited) @executable_path/Frameworks @loader_path/Frameworks";
				PRODUCT_BUNDLE_IDENTIFIER = com.app.credan.uibutton1UITests;
				PRODUCT_NAME = "$(TARGET_NAME)";
				TEST_TARGET_NAME = uibutton1;
			};
			name = Debug;
		};
		6BFC149F1F947373005C1032 /* Release */ = {
			isa = XCBuildConfiguration;
			buildSettings = {
				INFOPLIST_FILE = uibutton1UITests/Info.plist;
				LD_RUNPATH_SEARCH_PATHS = "$(inherited) @executable_path/Frameworks @loader_path/Frameworks";
				PRODUCT_BUNDLE_IDENTIFIER = com.app.credan.uibutton1UITests;
				PRODUCT_NAME = "$(TARGET_NAME)";
				TEST_TARGET_NAME = uibutton1;
			};
			name = Release;
		};
/* End XCBuildConfiguration section */

/* Begin XCConfigurationList section */
		6BFC14651F947373005C1032 /* Build configuration list for PBXProject "uibutton1" */ = {
			isa = XCConfigurationList;
			buildConfigurations = (
				6BFC14951F947373005C1032 /* Debug */,
				6BFC14961F947373005C1032 /* Release */,
			);
			defaultConfigurationIsVisible = 0;
			defaultConfigurationName = Release;
		};
		6BFC14971F947373005C1032 /* Build configuration list for PBXNativeTarget "uibutton1" */ = {
			isa = XCConfigurationList;
			buildConfigurations = (
				6BFC14981F947373005C1032 /* Debug */,
				6BFC14991F947373005C1032 /* Release */,
			);
			defaultConfigurationIsVisible = 0;
		};
		6BFC149A1F947373005C1032 /* Build configuration list for PBXNativeTarget "uibutton1Tests" */ = {
			isa = XCConfigurationList;
			buildConfigurations = (
				6BFC149B1F947373005C1032 /* Debug */,
				6BFC149C1F947373005C1032 /* Release */,
			);
			defaultConfigurationIsVisible = 0;
		};
		6BFC149D1F947373005C1032 /* Build configuration list for PBXNativeTarget "uibutton1UITests" */ = {
			isa = XCConfigurationList;
			buildConfigurations = (
				6BFC149E1F947373005C1032 /* Debug */,
				6BFC149F1F947373005C1032 /* Release */,
			);
			defaultConfigurationIsVisible = 0;
		};
/* End XCConfigurationList section */
	};
	rootObject = 6BFC14621F947373005C1032 /* Project object */;
}
