// !$*UTF8*$!
{
	archiveVersion = 1;
	classes = {
	};
	objectVersion = 46;
	objects = {

/* Begin PBXBuildFile section */
		6B4C9AF61F98723F009830BA /* main.m in Sources */ = {isa = PBXBuildFile; fileRef = 6B4C9AF51F98723F009830BA /* main.m */; };
		6B4C9AF91F98723F009830BA /* AppDelegate.m in Sources */ = {isa = PBXBuildFile; fileRef = 6B4C9AF81F98723F009830BA /* AppDelegate.m */; };
		6B4C9AFC1F98723F009830BA /* ViewController.m in Sources */ = {isa = PBXBuildFile; fileRef = 6B4C9AFB1F98723F009830BA /* ViewController.m */; };
		6B4C9AFF1F98723F009830BA /* Main.storyboard in Resources */ = {isa = PBXBuildFile; fileRef = 6B4C9AFD1F98723F009830BA /* Main.storyboard */; };
		6B4C9B011F98723F009830BA /* Assets.xcassets in Resources */ = {isa = PBXBuildFile; fileRef = 6B4C9B001F98723F009830BA /* Assets.xcassets */; };
		6B4C9B041F98723F009830BA /* LaunchScreen.storyboard in Resources */ = {isa = PBXBuildFile; fileRef = 6B4C9B021F98723F009830BA /* LaunchScreen.storyboard */; };
		6B4C9B0F1F98723F009830BA /* UIotherTests.m in Sources */ = {isa = PBXBuildFile; fileRef = 6B4C9B0E1F98723F009830BA /* UIotherTests.m */; };
		6B4C9B1A1F98723F009830BA /* UIotherUITests.m in Sources */ = {isa = PBXBuildFile; fileRef = 6B4C9B191F98723F009830BA /* UIotherUITests.m */; };
/* End PBXBuildFile section */

/* Begin PBXContainerItemProxy section */
		6B4C9B0B1F98723F009830BA /* PBXContainerItemProxy */ = {
			isa = PBXContainerItemProxy;
			containerPortal = 6B4C9AE91F98723F009830BA /* Project object */;
			proxyType = 1;
			remoteGlobalIDString = 6B4C9AF01F98723F009830BA;
			remoteInfo = UIother;
		};
		6B4C9B161F98723F009830BA /* PBXContainerItemProxy */ = {
			isa = PBXContainerItemProxy;
			containerPortal = 6B4C9AE91F98723F009830BA /* Project object */;
			proxyType = 1;
			remoteGlobalIDString = 6B4C9AF01F98723F009830BA;
			remoteInfo = UIother;
		};
/* End PBXContainerItemProxy section */

/* Begin PBXFileReference section */
		6B4C9AF11F98723F009830BA /* UIother.app */ = {isa = PBXFileReference; explicitFileType = wrapper.application; includeInIndex = 0; path = UIother.app; sourceTree = BUILT_PRODUCTS_DIR; };
		6B4C9AF51F98723F009830BA /* main.m */ = {isa = PBXFileReference; lastKnownFileType = sourcecode.c.objc; path = main.m; sourceTree = "<group>"; };
		6B4C9AF71F98723F009830BA /* AppDelegate.h */ = {isa = PBXFileReference; lastKnownFileType = sourcecode.c.h; path = AppDelegate.h; sourceTree = "<group>"; };
		6B4C9AF81F98723F009830BA /* AppDelegate.m */ = {isa = PBXFileReference; lastKnownFileType = sourcecode.c.objc; path = AppDelegate.m; sourceTree = "<group>"; };
		6B4C9AFA1F98723F009830BA /* ViewController.h */ = {isa = PBXFileReference; lastKnownFileType = sourcecode.c.h; path = ViewController.h; sourceTree = "<group>"; };
		6B4C9AFB1F98723F009830BA /* ViewController.m */ = {isa = PBXFileReference; lastKnownFileType = sourcecode.c.objc; path = ViewController.m; sourceTree = "<group>"; };
		6B4C9AFE1F98723F009830BA /* Base */ = {isa = PBXFileReference; lastKnownFileType = file.storyboard; name = Base; path = Base.lproj/Main.storyboard; sourceTree = "<group>"; };
		6B4C9B001F98723F009830BA /* Assets.xcassets */ = {isa = PBXFileReference; lastKnownFileType = folder.assetcatalog; path = Assets.xcassets; sourceTree = "<group>"; };
		6B4C9B031F98723F009830BA /* Base */ = {isa = PBXFileReference; lastKnownFileType = file.storyboard; name = Base; path = Base.lproj/LaunchScreen.storyboard; sourceTree = "<group>"; };
		6B4C9B051F98723F009830BA /* Info.plist */ = {isa = PBXFileReference; lastKnownFileType = text.plist.xml; path = Info.plist; sourceTree = "<group>"; };
		6B4C9B0A1F98723F009830BA /* UIotherTests.xctest */ = {isa = PBXFileReference; explicitFileType = wrapper.cfbundle; includeInIndex = 0; path = UIotherTests.xctest; sourceTree = BUILT_PRODUCTS_DIR; };
		6B4C9B0E1F98723F009830BA /* UIotherTests.m */ = {isa = PBXFileReference; lastKnownFileType = sourcecode.c.objc; path = UIotherTests.m; sourceTree = "<group>"; };
		6B4C9B101F98723F009830BA /* Info.plist */ = {isa = PBXFileReference; lastKnownFileType = text.plist.xml; path = Info.plist; sourceTree = "<group>"; };
		6B4C9B151F98723F009830BA /* UIotherUITests.xctest */ = {isa = PBXFileReference; explicitFileType = wrapper.cfbundle; includeInIndex = 0; path = UIotherUITests.xctest; sourceTree = BUILT_PRODUCTS_DIR; };
		6B4C9B191F98723F009830BA /* UIotherUITests.m */ = {isa = PBXFileReference; lastKnownFileType = sourcecode.c.objc; path = UIotherUITests.m; sourceTree = "<group>"; };
		6B4C9B1B1F98723F009830BA /* Info.plist */ = {isa = PBXFileReference; lastKnownFileType = text.plist.xml; path = Info.plist; sourceTree = "<group>"; };
/* End PBXFileReference section */

/* Begin PBXFrameworksBuildPhase section */
		6B4C9AEE1F98723F009830BA /* Frameworks */ = {
			isa = PBXFrameworksBuildPhase;
			buildActionMask = 2147483647;
			files = (
			);
			runOnlyForDeploymentPostprocessing = 0;
		};
		6B4C9B071F98723F009830BA /* Frameworks */ = {
			isa = PBXFrameworksBuildPhase;
			buildActionMask = 2147483647;
			files = (
			);
			runOnlyForDeploymentPostprocessing = 0;
		};
		6B4C9B121F98723F009830BA /* Frameworks */ = {
			isa = PBXFrameworksBuildPhase;
			buildActionMask = 2147483647;
			files = (
			);
			runOnlyForDeploymentPostprocessing = 0;
		};
/* End PBXFrameworksBuildPhase section */

/* Begin PBXGroup section */
		6B4C9AE81F98723F009830BA = {
			isa = PBXGroup;
			children = (
				6B4C9AF31F98723F009830BA /* UIother */,
				6B4C9B0D1F98723F009830BA /* UIotherTests */,
				6B4C9B181F98723F009830BA /* UIotherUITests */,
				6B4C9AF21F98723F009830BA /* Products */,
			);
			sourceTree = "<group>";
		};
		6B4C9AF21F98723F009830BA /* Products */ = {
			isa = PBXGroup;
			children = (
				6B4C9AF11F98723F009830BA /* UIother.app */,
				6B4C9B0A1F98723F009830BA /* UIotherTests.xctest */,
				6B4C9B151F98723F009830BA /* UIotherUITests.xctest */,
			);
			name = Products;
			sourceTree = "<group>";
		};
		6B4C9AF31F98723F009830BA /* UIother */ = {
			isa = PBXGroup;
			children = (
				6B4C9AF71F98723F009830BA /* AppDelegate.h */,
				6B4C9AF81F98723F009830BA /* AppDelegate.m */,
				6B4C9AFA1F98723F009830BA /* ViewController.h */,
				6B4C9AFB1F98723F009830BA /* ViewController.m */,
				6B4C9AFD1F98723F009830BA /* Main.storyboard */,
				6B4C9B001F98723F009830BA /* Assets.xcassets */,
				6B4C9B021F98723F009830BA /* LaunchScreen.storyboard */,
				6B4C9B051F98723F009830BA /* Info.plist */,
				6B4C9AF41F98723F009830BA /* Supporting Files */,
			);
			path = UIother;
			sourceTree = "<group>";
		};
		6B4C9AF41F98723F009830BA /* Supporting Files */ = {
			isa = PBXGroup;
			children = (
				6B4C9AF51F98723F009830BA /* main.m */,
			);
			name = "Supporting Files";
			sourceTree = "<group>";
		};
		6B4C9B0D1F98723F009830BA /* UIotherTests */ = {
			isa = PBXGroup;
			children = (
				6B4C9B0E1F98723F009830BA /* UIotherTests.m */,
				6B4C9B101F98723F009830BA /* Info.plist */,
			);
			path = UIotherTests;
			sourceTree = "<group>";
		};
		6B4C9B181F98723F009830BA /* UIotherUITests */ = {
			isa = PBXGroup;
			children = (
				6B4C9B191F98723F009830BA /* UIotherUITests.m */,
				6B4C9B1B1F98723F009830BA /* Info.plist */,
			);
			path = UIotherUITests;
			sourceTree = "<group>";
		};
/* End PBXGroup section */

/* Begin PBXNativeTarget section */
		6B4C9AF01F98723F009830BA /* UIother */ = {
			isa = PBXNativeTarget;
			buildConfigurationList = 6B4C9B1E1F98723F009830BA /* Build configuration list for PBXNativeTarget "UIother" */;
			buildPhases = (
				6B4C9AED1F98723F009830BA /* Sources */,
				6B4C9AEE1F98723F009830BA /* Frameworks */,
				6B4C9AEF1F98723F009830BA /* Resources */,
			);
			buildRules = (
			);
			dependencies = (
			);
			name = UIother;
			productName = UIother;
			productReference = 6B4C9AF11F98723F009830BA /* UIother.app */;
			productType = "com.apple.product-type.application";
		};
		6B4C9B091F98723F009830BA /* UIotherTests */ = {
			isa = PBXNativeTarget;
			buildConfigurationList = 6B4C9B211F98723F009830BA /* Build configuration list for PBXNativeTarget "UIotherTests" */;
			buildPhases = (
				6B4C9B061F98723F009830BA /* Sources */,
				6B4C9B071F98723F009830BA /* Frameworks */,
				6B4C9B081F98723F009830BA /* Resources */,
			);
			buildRules = (
			);
			dependencies = (
				6B4C9B0C1F98723F009830BA /* PBXTargetDependency */,
			);
			name = UIotherTests;
			productName = UIotherTests;
			productReference = 6B4C9B0A1F98723F009830BA /* UIotherTests.xctest */;
			productType = "com.apple.product-type.bundle.unit-test";
		};
		6B4C9B141F98723F009830BA /* UIotherUITests */ = {
			isa = PBXNativeTarget;
			buildConfigurationList = 6B4C9B241F98723F009830BA /* Build configuration list for PBXNativeTarget "UIotherUITests" */;
			buildPhases = (
				6B4C9B111F98723F009830BA /* Sources */,
				6B4C9B121F98723F009830BA /* Frameworks */,
				6B4C9B131F98723F009830BA /* Resources */,
			);
			buildRules = (
			);
			dependencies = (
				6B4C9B171F98723F009830BA /* PBXTargetDependency */,
			);
			name = UIotherUITests;
			productName = UIotherUITests;
			productReference = 6B4C9B151F98723F009830BA /* UIotherUITests.xctest */;
			productType = "com.apple.product-type.bundle.ui-testing";
		};
/* End PBXNativeTarget section */

/* Begin PBXProject section */
		6B4C9AE91F98723F009830BA /* Project object */ = {
			isa = PBXProject;
			attributes = {
				LastUpgradeCheck = 0830;
				ORGANIZATIONNAME = kuaileda;
				TargetAttributes = {
					6B4C9AF01F98723F009830BA = {
						CreatedOnToolsVersion = 8.3.3;
						DevelopmentTeam = 5DCJQFRRP3;
						ProvisioningStyle = Automatic;
					};
					6B4C9B091F98723F009830BA = {
						CreatedOnToolsVersion = 8.3.3;
						DevelopmentTeam = 5DCJQFRRP3;
						ProvisioningStyle = Automatic;
						TestTargetID = 6B4C9AF01F98723F009830BA;
					};
					6B4C9B141F98723F009830BA = {
						CreatedOnToolsVersion = 8.3.3;
						DevelopmentTeam = 5DCJQFRRP3;
						ProvisioningStyle = Automatic;
						TestTargetID = 6B4C9AF01F98723F009830BA;
					};
				};
			};
			buildConfigurationList = 6B4C9AEC1F98723F009830BA /* Build configuration list for PBXProject "UIother" */;
			compatibilityVersion = "Xcode 3.2";
			developmentRegion = English;
			hasScannedForEncodings = 0;
			knownRegions = (
				en,
				Base,
			);
			mainGroup = 6B4C9AE81F98723F009830BA;
			productRefGroup = 6B4C9AF21F98723F009830BA /* Products */;
			projectDirPath = "";
			projectRoot = "";
			targets = (
				6B4C9AF01F98723F009830BA /* UIother */,
				6B4C9B091F98723F009830BA /* UIotherTests */,
				6B4C9B141F98723F009830BA /* UIotherUITests */,
			);
		};
/* End PBXProject section */

/* Begin PBXResourcesBuildPhase section */
		6B4C9AEF1F98723F009830BA /* Resources */ = {
			isa = PBXResourcesBuildPhase;
			buildActionMask = 2147483647;
			files = (
				6B4C9B041F98723F009830BA /* LaunchScreen.storyboard in Resources */,
				6B4C9B011F98723F009830BA /* Assets.xcassets in Resources */,
				6B4C9AFF1F98723F009830BA /* Main.storyboard in Resources */,
			);
			runOnlyForDeploymentPostprocessing = 0;
		};
		6B4C9B081F98723F009830BA /* Resources */ = {
			isa = PBXResourcesBuildPhase;
			buildActionMask = 2147483647;
			files = (
			);
			runOnlyForDeploymentPostprocessing = 0;
		};
		6B4C9B131F98723F009830BA /* Resources */ = {
			isa = PBXResourcesBuildPhase;
			buildActionMask = 2147483647;
			files = (
			);
			runOnlyForDeploymentPostprocessing = 0;
		};
/* End PBXResourcesBuildPhase section */

/* Begin PBXSourcesBuildPhase section */
		6B4C9AED1F98723F009830BA /* Sources */ = {
			isa = PBXSourcesBuildPhase;
			buildActionMask = 2147483647;
			files = (
				6B4C9AFC1F98723F009830BA /* ViewController.m in Sources */,
				6B4C9AF91F98723F009830BA /* AppDelegate.m in Sources */,
				6B4C9AF61F98723F009830BA /* main.m in Sources */,
			);
			runOnlyForDeploymentPostprocessing = 0;
		};
		6B4C9B061F98723F009830BA /* Sources */ = {
			isa = PBXSourcesBuildPhase;
			buildActionMask = 2147483647;
			files = (
				6B4C9B0F1F98723F009830BA /* UIotherTests.m in Sources */,
			);
			runOnlyForDeploymentPostprocessing = 0;
		};
		6B4C9B111F98723F009830BA /* Sources */ = {
			isa = PBXSourcesBuildPhase;
			buildActionMask = 2147483647;
			files = (
				6B4C9B1A1F98723F009830BA /* UIotherUITests.m in Sources */,
			);
			runOnlyForDeploymentPostprocessing = 0;
		};
/* End PBXSourcesBuildPhase section */

/* Begin PBXTargetDependency section */
		6B4C9B0C1F98723F009830BA /* PBXTargetDependency */ = {
			isa = PBXTargetDependency;
			target = 6B4C9AF01F98723F009830BA /* UIother */;
			targetProxy = 6B4C9B0B1F98723F009830BA /* PBXContainerItemProxy */;
		};
		6B4C9B171F98723F009830BA /* PBXTargetDependency */ = {
			isa = PBXTargetDependency;
			target = 6B4C9AF01F98723F009830BA /* UIother */;
			targetProxy = 6B4C9B161F98723F009830BA /* PBXContainerItemProxy */;
		};
/* End PBXTargetDependency section */

/* Begin PBXVariantGroup section */
		6B4C9AFD1F98723F009830BA /* Main.storyboard */ = {
			isa = PBXVariantGroup;
			children = (
				6B4C9AFE1F98723F009830BA /* Base */,
			);
			name = Main.storyboard;
			sourceTree = "<group>";
		};
		6B4C9B021F98723F009830BA /* LaunchScreen.storyboard */ = {
			isa = PBXVariantGroup;
			children = (
				6B4C9B031F98723F009830BA /* Base */,
			);
			name = LaunchScreen.storyboard;
			sourceTree = "<group>";
		};
/* End PBXVariantGroup section */

/* Begin XCBuildConfiguration section */
		6B4C9B1C1F98723F009830BA /* Debug */ = {
			isa = XCBuildConfiguration;
			buildSettings = {
				ALWAYS_SEARCH_USER_PATHS = NO;
				CLANG_ANALYZER_NONNULL = YES;
				CLANG_ANALYZER_NUMBER_OBJECT_CONVERSION = YES_AGGRESSIVE;
				CLANG_CXX_LANGUAGE_STANDARD = "gnu++0x";
				CLANG_CXX_LIBRARY = "libc++";
				CLANG_ENABLE_MODULES = YES;
				CLANG_ENABLE_OBJC_ARC = YES;
				CLANG_WARN_BOOL_CONVERSION = YES;
				CLANG_WARN_CONSTANT_CONVERSION = YES;
				CLANG_WARN_DIRECT_OBJC_ISA_USAGE = YES_ERROR;
				CLANG_WARN_DOCUMENTATION_COMMENTS = YES;
				CLANG_WARN_EMPTY_BODY = YES;
				CLANG_WARN_ENUM_CONVERSION = YES;
				CLANG_WARN_INFINITE_RECURSION = YES;
				CLANG_WARN_INT_CONVERSION = YES;
				CLANG_WARN_OBJC_ROOT_CLASS = YES_ERROR;
				CLANG_WARN_SUSPICIOUS_MOVE = YES;
				CLANG_WARN_UNREACHABLE_CODE = YES;
				CLANG_WARN__DUPLICATE_METHOD_MATCH = YES;
				"CODE_SIGN_IDENTITY[sdk=iphoneos*]" = "iPhone Developer";
				COPY_PHASE_STRIP = NO;
				DEBUG_INFORMATION_FORMAT = dwarf;
				ENABLE_STRICT_OBJC_MSGSEND = YES;
				ENABLE_TESTABILITY = YES;
				GCC_C_LANGUAGE_STANDARD = gnu99;
				GCC_DYNAMIC_NO_PIC = NO;
				GCC_NO_COMMON_BLOCKS = YES;
				GCC_OPTIMIZATION_LEVEL = 0;
				GCC_PREPROCESSOR_DEFINITIONS = (
					"DEBUG=1",
					"$(inherited)",
				);
				GCC_WARN_64_TO_32_BIT_CONVERSION = YES;
				GCC_WARN_ABOUT_RETURN_TYPE = YES_ERROR;
				GCC_WARN_UNDECLARED_SELECTOR = YES;
				GCC_WARN_UNINITIALIZED_AUTOS = YES_AGGRESSIVE;
				GCC_WARN_UNUSED_FUNCTION = YES;
				GCC_WARN_UNUSED_VARIABLE = YES;
				IPHONEOS_DEPLOYMENT_TARGET = 10.3;
				MTL_ENABLE_DEBUG_INFO = YES;
				ONLY_ACTIVE_ARCH = YES;
				SDKROOT = iphoneos;
				TARGETED_DEVICE_FAMILY = "1,2";
			};
			name = Debug;
		};
		6B4C9B1D1F98723F009830BA /* Release */ = {
			isa = XCBuildConfiguration;
			buildSettings = {
				ALWAYS_SEARCH_USER_PATHS = NO;
				CLANG_ANALYZER_NONNULL = YES;
				CLANG_ANALYZER_NUMBER_OBJECT_CONVERSION = YES_AGGRESSIVE;
				CLANG_CXX_LANGUAGE_STANDARD = "gnu++0x";
				CLANG_CXX_LIBRARY = "libc++";
				CLANG_ENABLE_MODULES = YES;
				CLANG_ENABLE_OBJC_ARC = YES;
				CLANG_WARN_BOOL_CONVERSION = YES;
				CLANG_WARN_CONSTANT_CONVERSION = YES;
				CLANG_WARN_DIRECT_OBJC_ISA_USAGE = YES_ERROR;
				CLANG_WARN_DOCUMENTATION_COMMENTS = YES;
				CLANG_WARN_EMPTY_BODY = YES;
				CLANG_WARN_ENUM_CONVERSION = YES;
				CLANG_WARN_INFINITE_RECURSION = YES;
				CLANG_WARN_INT_CONVERSION = YES;
				CLANG_WARN_OBJC_ROOT_CLASS = YES_ERROR;
				CLANG_WARN_SUSPICIOUS_MOVE = YES;
				CLANG_WARN_UNREACHABLE_CODE = YES;
				CLANG_WARN__DUPLICATE_METHOD_MATCH = YES;
				"CODE_SIGN_IDENTITY[sdk=iphoneos*]" = "iPhone Developer";
				COPY_PHASE_STRIP = NO;
				DEBUG_INFORMATION_FORMAT = "dwarf-with-dsym";
				ENABLE_NS_ASSERTIONS = NO;
				ENABLE_STRICT_OBJC_MSGSEND = YES;
				GCC_C_LANGUAGE_STANDARD = gnu99;
				GCC_NO_COMMON_BLOCKS = YES;
				GCC_WARN_64_TO_32_BIT_CONVERSION = YES;
				GCC_WARN_ABOUT_RETURN_TYPE = YES_ERROR;
				GCC_WARN_UNDECLARED_SELECTOR = YES;
				GCC_WARN_UNINITIALIZED_AUTOS = YES_AGGRESSIVE;
				GCC_WARN_UNUSED_FUNCTION = YES;
				GCC_WARN_UNUSED_VARIABLE = YES;
				IPHONEOS_DEPLOYMENT_TARGET = 10.3;
				MTL_ENABLE_DEBUG_INFO = NO;
				SDKROOT = iphoneos;
				TARGETED_DEVICE_FAMILY = "1,2";
				VALIDATE_PRODUCT = YES;
			};
			name = Release;
		};
		6B4C9B1F1F98723F009830BA /* Debug */ = {
			isa = XCBuildConfiguration;
			buildSettings = {
				ASSETCATALOG_COMPILER_APPICON_NAME = AppIcon;
				DEVELOPMENT_TEAM = 5DCJQFRRP3;
				INFOPLIST_FILE = UIother/Info.plist;
				IPHONEOS_DEPLOYMENT_TARGET = 8.0;
				LD_RUNPATH_SEARCH_PATHS = "$(inherited) @executable_path/Frameworks";
				PRODUCT_BUNDLE_IDENTIFIER = com.app.credan.UIother;
				PRODUCT_NAME = "$(TARGET_NAME)";
			};
			name = Debug;
		};
		6B4C9B201F98723F009830BA /* Release */ = {
			isa = XCBuildConfiguration;
			buildSettings = {
				ASSETCATALOG_COMPILER_APPICON_NAME = AppIcon;
				DEVELOPMENT_TEAM = 5DCJQFRRP3;
				INFOPLIST_FILE = UIother/Info.plist;
				IPHONEOS_DEPLOYMENT_TARGET = 8.0;
				LD_RUNPATH_SEARCH_PATHS = "$(inherited) @executable_path/Frameworks";
				PRODUCT_BUNDLE_IDENTIFIER = com.app.credan.UIother;
				PRODUCT_NAME = "$(TARGET_NAME)";
			};
			name = Release;
		};
		6B4C9B221F98723F009830BA /* Debug */ = {
			isa = XCBuildConfiguration;
			buildSettings = {
				BUNDLE_LOADER = "$(TEST_HOST)";
				DEVELOPMENT_TEAM = 5DCJQFRRP3;
				INFOPLIST_FILE = UIotherTests/Info.plist;
				LD_RUNPATH_SEARCH_PATHS = "$(inherited) @executable_path/Frameworks @loader_path/Frameworks";
				PRODUCT_BUNDLE_IDENTIFIER = com.app.credan.UIotherTests;
				PRODUCT_NAME = "$(TARGET_NAME)";
				TEST_HOST = "$(BUILT_PRODUCTS_DIR)/UIother.app/UIother";
			};
			name = Debug;
		};
		6B4C9B231F98723F009830BA /* Release */ = {
			isa = XCBuildConfiguration;
			buildSettings = {
				BUNDLE_LOADER = "$(TEST_HOST)";
				DEVELOPMENT_TEAM = 5DCJQFRRP3;
				INFOPLIST_FILE = UIotherTests/Info.plist;
				LD_RUNPATH_SEARCH_PATHS = "$(inherited) @executable_path/Frameworks @loader_path/Frameworks";
				PRODUCT_BUNDLE_IDENTIFIER = com.app.credan.UIotherTests;
				PRODUCT_NAME = "$(TARGET_NAME)";
				TEST_HOST = "$(BUILT_PRODUCTS_DIR)/UIother.app/UIother";
			};
			name = Release;
		};
		6B4C9B251F98723F009830BA /* Debug */ = {
			isa = XCBuildConfiguration;
			buildSettings = {
				DEVELOPMENT_TEAM = 5DCJQFRRP3;
				INFOPLIST_FILE = UIotherUITests/Info.plist;
				LD_RUNPATH_SEARCH_PATHS = "$(inherited) @executable_path/Frameworks @loader_path/Frameworks";
				PRODUCT_BUNDLE_IDENTIFIER = com.app.credan.UIotherUITests;
				PRODUCT_NAME = "$(TARGET_NAME)";
				TEST_TARGET_NAME = UIother;
			};
			name = Debug;
		};
		6B4C9B261F98723F009830BA /* Release */ = {
			isa = XCBuildConfiguration;
			buildSettings = {
				DEVELOPMENT_TEAM = 5DCJQFRRP3;
				INFOPLIST_FILE = UIotherUITests/Info.plist;
				LD_RUNPATH_SEARCH_PATHS = "$(inherited) @executable_path/Frameworks @loader_path/Frameworks";
				PRODUCT_BUNDLE_IDENTIFIER = com.app.credan.UIotherUITests;
				PRODUCT_NAME = "$(TARGET_NAME)";
				TEST_TARGET_NAME = UIother;
			};
			name = Release;
		};
/* End XCBuildConfiguration section */

/* Begin XCConfigurationList section */
		6B4C9AEC1F98723F009830BA /* Build configuration list for PBXProject "UIother" */ = {
			isa = XCConfigurationList;
			buildConfigurations = (
				6B4C9B1C1F98723F009830BA /* Debug */,
				6B4C9B1D1F98723F009830BA /* Release */,
			);
			defaultConfigurationIsVisible = 0;
			defaultConfigurationName = Release;
		};
		6B4C9B1E1F98723F009830BA /* Build configuration list for PBXNativeTarget "UIother" */ = {
			isa = XCConfigurationList;
			buildConfigurations = (
				6B4C9B1F1F98723F009830BA /* Debug */,
				6B4C9B201F98723F009830BA /* Release */,
			);
			defaultConfigurationIsVisible = 0;
		};
		6B4C9B211F98723F009830BA /* Build configuration list for PBXNativeTarget "UIotherTests" */ = {
			isa = XCConfigurationList;
			buildConfigurations = (
				6B4C9B221F98723F009830BA /* Debug */,
				6B4C9B231F98723F009830BA /* Release */,
			);
			defaultConfigurationIsVisible = 0;
		};
		6B4C9B241F98723F009830BA /* Build configuration list for PBXNativeTarget "UIotherUITests" */ = {
			isa = XCConfigurationList;
			buildConfigurations = (
				6B4C9B251F98723F009830BA /* Debug */,
				6B4C9B261F98723F009830BA /* Release */,
			);
			defaultConfigurationIsVisible = 0;
		};
/* End XCConfigurationList section */
	};
	rootObject = 6B4C9AE91F98723F009830BA /* Project object */;
}
